
Microsoft Visual Studio Solution File, Format Version 12.00
# Visual Studio Version 17
VisualStudioVersion = 17.1.32228.430
MinimumVisualStudioVersion = 10.0.40219.1
Project("{FAE04EC0-301F-11D3-BF4B-00C04F79EFBC}") = "tema3", "tema3\tema3.csproj", "{AE8D36D3-CF7D-405C-A0F0-0AEF77B0FC3A}"
EndProject
Global
	GlobalSection(SolutionConfigurationPlatforms) = preSolution
		Debug|Any CPU = Debug|Any CPU
		Release|Any CPU = Release|Any CPU
	EndGlobalSection
	GlobalSection(ProjectConfigurationPlatforms) = postSolution
		{AE8D36D3-CF7D-405C-A0F0-0AEF77B0FC3A}.Debug|Any CPU.ActiveCfg = Debug|Any CPU
		{AE8D36D3-CF7D-405C-A0F0-0AEF77B0FC3A}.Debug|Any CPU.Build.0 = Debug|Any CPU
		{AE8D36D3-CF7D-405C-A0F0-0AEF77B0FC3A}.Release|Any CPU.ActiveCfg = Release|Any CPU
		{AE8D36D3-CF7D-405C-A0F0-0AEF77B0FC3A}.Release|Any CPU.Build.0 = Release|Any CPU
	EndGlobalSection
	GlobalSection(SolutionProperties) = preSolution
		HideSolutionNode = FALSE
	EndGlobalSection
	GlobalSection(ExtensibilityGlobals) = postSolution
		SolutionGuid = {BB99098B-3DC2-45F1-9CF6-6BF86E3B61F8}
	EndGlobalSection
EndGlobal
